// !$*UTF8*$!
{
	archiveVersion = 1;
	classes = {
	};
	objectVersion = 46;
	objects = {

/* Begin PBXBuildFile section */
		263DA0111DD4660300CD7963 /* DrugListCell.swift in Sources */ = {isa = PBXBuildFile; fileRef = 263DA0101DD4660300CD7963 /* DrugListCell.swift */; };
		263DA0131DD4D41D00CD7963 /* DrugListViewController.swift in Sources */ = {isa = PBXBuildFile; fileRef = 263DA0121DD4D41D00CD7963 /* DrugListViewController.swift */; };
		263DA0161DD764E500CD7963 /* NewDrug.swift in Sources */ = {isa = PBXBuildFile; fileRef = 263DA0151DD764E500CD7963 /* NewDrug.swift */; };
		263DA0181DD7655C00CD7963 /* NewDrugHelper.swift in Sources */ = {isa = PBXBuildFile; fileRef = 263DA0171DD7655C00CD7963 /* NewDrugHelper.swift */; };
		263DE6051DBCDD5E00A7BCF7 /* EventsDataController.swift in Sources */ = {isa = PBXBuildFile; fileRef = 263DE6041DBCDD5E00A7BCF7 /* EventsDataController.swift */; };
		263DE6071DBD4A2800A7BCF7 /* GraphView.swift in Sources */ = {isa = PBXBuildFile; fileRef = 263DE6061DBD4A2800A7BCF7 /* GraphView.swift */; };
		2644B8AD1DAE355300FF0484 /* ColorScheme.swift in Sources */ = {isa = PBXBuildFile; fileRef = 2644B8AC1DAE355300FF0484 /* ColorScheme.swift */; };
		2644B8AF1DAE39B500FF0484 /* TouchWheelView.swift in Sources */ = {isa = PBXBuildFile; fileRef = 2644B8AE1DAE39B500FF0484 /* TouchWheelView.swift */; };
		2644B8B41DAE479600FF0484 /* GetGradientColor Extension.swift in Sources */ = {isa = PBXBuildFile; fileRef = 2644B8B31DAE479600FF0484 /* GetGradientColor Extension.swift */; };
		2645230C1DDB1F3800D62CC1 /* InAppProductIDs.plist in Resources */ = {isa = PBXBuildFile; fileRef = 2645230B1DDB1F3800D62CC1 /* InAppProductIDs.plist */; };
		2645230E1DDB596B00D62CC1 /* DrugRating.swift in Sources */ = {isa = PBXBuildFile; fileRef = 2645230D1DDB596B00D62CC1 /* DrugRating.swift */; };
		2645C5DC1DCC9B9300916596 /* GraphViewTimeLine.swift in Sources */ = {isa = PBXBuildFile; fileRef = 2645C5DB1DCC9B9300916596 /* GraphViewTimeLine.swift */; };
		2645C5DE1DD30E4100916596 /* PrintPageRenderer.swift in Sources */ = {isa = PBXBuildFile; fileRef = 2645C5DD1DD30E4100916596 /* PrintPageRenderer.swift */; };
		2651FD681DB3B07700C1301A /* MVButtonView.swift in Sources */ = {isa = PBXBuildFile; fileRef = 2651FD671DB3B07700C1301A /* MVButtonView.swift */; };
		2651FD6A1DB3B90C00C1301A /* MVButtonController.swift in Sources */ = {isa = PBXBuildFile; fileRef = 2651FD691DB3B90C00C1301A /* MVButtonController.swift */; };
		2651FD6C1DB3D8A600C1301A /* MVButton.swift in Sources */ = {isa = PBXBuildFile; fileRef = 2651FD6B1DB3D8A600C1301A /* MVButton.swift */; };
		2657FA661DD88DF80063CCB4 /* DrugDictionary.swift in Sources */ = {isa = PBXBuildFile; fileRef = 2657FA651DD88DF80063CCB4 /* DrugDictionary.swift */; };
		2657FA681DD8C83A0063CCB4 /* CloudDrug.swift in Sources */ = {isa = PBXBuildFile; fileRef = 2657FA671DD8C83A0063CCB4 /* CloudDrug.swift */; };
		2657FA6A1DD8D2280063CCB4 /* InAppStore.swift in Sources */ = {isa = PBXBuildFile; fileRef = 2657FA691DD8D2280063CCB4 /* InAppStore.swift */; };
		265F9CA71DE309CA0031C762 /* DosesAndReminders.swift in Sources */ = {isa = PBXBuildFile; fileRef = 265F9CA61DE309CA0031C762 /* DosesAndReminders.swift */; };
		265F9CA91DE45E520031C762 /* SubstanceAndClassPopUp.swift in Sources */ = {isa = PBXBuildFile; fileRef = 265F9CA81DE45E520031C762 /* SubstanceAndClassPopUp.swift */; };
		267F78CF1DC4FCF8008CC23E /* GraphViewHelper.swift in Sources */ = {isa = PBXBuildFile; fileRef = 267F78CE1DC4FCF8008CC23E /* GraphViewHelper.swift */; };
		267F78D11DC5264F008CC23E /* ClipView.swift in Sources */ = {isa = PBXBuildFile; fileRef = 267F78D01DC5264F008CC23E /* ClipView.swift */; };
		269B9BFB1DDE52DE00C3BDA9 /* StoreView.swift in Sources */ = {isa = PBXBuildFile; fileRef = 269B9BFA1DDE52DE00C3BDA9 /* StoreView.swift */; };
		269B9BFD1DDE5A5300C3BDA9 /* StoreViewCell.swift in Sources */ = {isa = PBXBuildFile; fileRef = 269B9BFC1DDE5A5300C3BDA9 /* StoreViewCell.swift */; };
		26A013961DA2DCB20031DF79 /* CoreDataStack.swift in Sources */ = {isa = PBXBuildFile; fileRef = 26A013951DA2DCB20031DF79 /* CoreDataStack.swift */; };
		26CD8DFF1DBBED000040E4D4 /* FloatingMenuView.swift in Sources */ = {isa = PBXBuildFile; fileRef = 26CD8DFE1DBBED000040E4D4 /* FloatingMenuView.swift */; };
		26E3B8CB1DA177D000D157BB /* AppDelegate.swift in Sources */ = {isa = PBXBuildFile; fileRef = 26E3B8CA1DA177D000D157BB /* AppDelegate.swift */; };
		26E3B8CD1DA177D000D157BB /* MainViewController.swift in Sources */ = {isa = PBXBuildFile; fileRef = 26E3B8CC1DA177D000D157BB /* MainViewController.swift */; };
		26E3B8D01DA177D000D157BB /* Main.storyboard in Resources */ = {isa = PBXBuildFile; fileRef = 26E3B8CE1DA177D000D157BB /* Main.storyboard */; };
		26E3B8D31DA177D000D157BB /* Alogea.xcdatamodeld in Sources */ = {isa = PBXBuildFile; fileRef = 26E3B8D11DA177D000D157BB /* Alogea.xcdatamodeld */; };
		26E3B8D51DA177D000D157BB /* Assets.xcassets in Resources */ = {isa = PBXBuildFile; fileRef = 26E3B8D41DA177D000D157BB /* Assets.xcassets */; };
		26E3B8D81DA177D000D157BB /* LaunchScreen.storyboard in Resources */ = {isa = PBXBuildFile; fileRef = 26E3B8D61DA177D000D157BB /* LaunchScreen.storyboard */; };
		26E3B8E31DA177D000D157BB /* AlogeaTests.swift in Sources */ = {isa = PBXBuildFile; fileRef = 26E3B8E21DA177D000D157BB /* AlogeaTests.swift */; };
		26E3B8EE1DA177D000D157BB /* AlogeaUITests.swift in Sources */ = {isa = PBXBuildFile; fileRef = 26E3B8ED1DA177D000D157BB /* AlogeaUITests.swift */; };
		26E3B8FE1DA177DF00D157BB /* CloudKit.framework in Frameworks */ = {isa = PBXBuildFile; fileRef = 26E3B8FD1DA177DF00D157BB /* CloudKit.framework */; };
		26E3B9001DA177E800D157BB /* StoreKit.framework in Frameworks */ = {isa = PBXBuildFile; fileRef = 26E3B8FF1DA177E800D157BB /* StoreKit.framework */; };
		26E3B90A1DA1816E00D157BB /* Event+CoreDataClass.swift in Sources */ = {isa = PBXBuildFile; fileRef = 26E3B9021DA1816E00D157BB /* Event+CoreDataClass.swift */; };
		26E3B90B1DA1816E00D157BB /* Event+CoreDataProperties.swift in Sources */ = {isa = PBXBuildFile; fileRef = 26E3B9031DA1816E00D157BB /* Event+CoreDataProperties.swift */; };
		26E3B90C1DA1816E00D157BB /* RecordType+CoreDataClass.swift in Sources */ = {isa = PBXBuildFile; fileRef = 26E3B9041DA1816E00D157BB /* RecordType+CoreDataClass.swift */; };
		26E3B90D1DA1816E00D157BB /* RecordType+CoreDataProperties.swift in Sources */ = {isa = PBXBuildFile; fileRef = 26E3B9051DA1816E00D157BB /* RecordType+CoreDataProperties.swift */; };
		26E3B90E1DA1816E00D157BB /* Exercise+CoreDataClass.swift in Sources */ = {isa = PBXBuildFile; fileRef = 26E3B9061DA1816E00D157BB /* Exercise+CoreDataClass.swift */; };
		26E3B90F1DA1816E00D157BB /* Exercise+CoreDataProperties.swift in Sources */ = {isa = PBXBuildFile; fileRef = 26E3B9071DA1816E00D157BB /* Exercise+CoreDataProperties.swift */; };
		26E3B9101DA1816E00D157BB /* DrugEpisode+CoreDataClass.swift in Sources */ = {isa = PBXBuildFile; fileRef = 26E3B9081DA1816E00D157BB /* DrugEpisode+CoreDataClass.swift */; };
		26E3B9111DA1816E00D157BB /* DrugEpisode+CoreDataProperties.swift in Sources */ = {isa = PBXBuildFile; fileRef = 26E3B9091DA1816E00D157BB /* DrugEpisode+CoreDataProperties.swift */; };
		26F647721DAE70EC0061E560 /* GraphContainerView.swift in Sources */ = {isa = PBXBuildFile; fileRef = 26F647711DAE70EC0061E560 /* GraphContainerView.swift */; };
		26F91E131DC215ED00C4942A /* RecordTypesController.swift in Sources */ = {isa = PBXBuildFile; fileRef = 26F91E121DC215ED00C4942A /* RecordTypesController.swift */; };
/* End PBXBuildFile section */

/* Begin PBXContainerItemProxy section */
		26E3B8DF1DA177D000D157BB /* PBXContainerItemProxy */ = {
			isa = PBXContainerItemProxy;
			containerPortal = 26E3B8BF1DA177D000D157BB /* Project object */;
			proxyType = 1;
			remoteGlobalIDString = 26E3B8C61DA177D000D157BB;
			remoteInfo = Alogea;
		};
		26E3B8EA1DA177D000D157BB /* PBXContainerItemProxy */ = {
			isa = PBXContainerItemProxy;
			containerPortal = 26E3B8BF1DA177D000D157BB /* Project object */;
			proxyType = 1;
			remoteGlobalIDString = 26E3B8C61DA177D000D157BB;
			remoteInfo = Alogea;
		};
/* End PBXContainerItemProxy section */

/* Begin PBXFileReference section */
		263DA0101DD4660300CD7963 /* DrugListCell.swift */ = {isa = PBXFileReference; fileEncoding = 4; lastKnownFileType = sourcecode.swift; path = DrugListCell.swift; sourceTree = "<group>"; };
		263DA0121DD4D41D00CD7963 /* DrugListViewController.swift */ = {isa = PBXFileReference; fileEncoding = 4; lastKnownFileType = sourcecode.swift; path = DrugListViewController.swift; sourceTree = "<group>"; };
		263DA0151DD764E500CD7963 /* NewDrug.swift */ = {isa = PBXFileReference; fileEncoding = 4; lastKnownFileType = sourcecode.swift; path = NewDrug.swift; sourceTree = "<group>"; };
		263DA0171DD7655C00CD7963 /* NewDrugHelper.swift */ = {isa = PBXFileReference; fileEncoding = 4; lastKnownFileType = sourcecode.swift; path = NewDrugHelper.swift; sourceTree = "<group>"; };
		263DE6041DBCDD5E00A7BCF7 /* EventsDataController.swift */ = {isa = PBXFileReference; fileEncoding = 4; lastKnownFileType = sourcecode.swift; path = EventsDataController.swift; sourceTree = "<group>"; };
		263DE6061DBD4A2800A7BCF7 /* GraphView.swift */ = {isa = PBXFileReference; fileEncoding = 4; lastKnownFileType = sourcecode.swift; path = GraphView.swift; sourceTree = "<group>"; };
		2644B8AC1DAE355300FF0484 /* ColorScheme.swift */ = {isa = PBXFileReference; fileEncoding = 4; lastKnownFileType = sourcecode.swift; path = ColorScheme.swift; sourceTree = "<group>"; };
		2644B8AE1DAE39B500FF0484 /* TouchWheelView.swift */ = {isa = PBXFileReference; fileEncoding = 4; lastKnownFileType = sourcecode.swift; path = TouchWheelView.swift; sourceTree = "<group>"; };
		2644B8B31DAE479600FF0484 /* GetGradientColor Extension.swift */ = {isa = PBXFileReference; fileEncoding = 4; lastKnownFileType = sourcecode.swift; name = "GetGradientColor Extension.swift"; path = "../../CircularSlider/CircularSlider/GetGradientColor Extension.swift"; sourceTree = "<group>"; };
		2645230B1DDB1F3800D62CC1 /* InAppProductIDs.plist */ = {isa = PBXFileReference; fileEncoding = 4; lastKnownFileType = text.plist.xml; path = InAppProductIDs.plist; sourceTree = "<group>"; };
		2645230D1DDB596B00D62CC1 /* DrugRating.swift */ = {isa = PBXFileReference; fileEncoding = 4; lastKnownFileType = sourcecode.swift; path = DrugRating.swift; sourceTree = "<group>"; };
		2645C5DB1DCC9B9300916596 /* GraphViewTimeLine.swift */ = {isa = PBXFileReference; fileEncoding = 4; lastKnownFileType = sourcecode.swift; path = GraphViewTimeLine.swift; sourceTree = "<group>"; };
		2645C5DD1DD30E4100916596 /* PrintPageRenderer.swift */ = {isa = PBXFileReference; fileEncoding = 4; lastKnownFileType = sourcecode.swift; path = PrintPageRenderer.swift; sourceTree = "<group>"; };
		2651FD671DB3B07700C1301A /* MVButtonView.swift */ = {isa = PBXFileReference; fileEncoding = 4; lastKnownFileType = sourcecode.swift; path = MVButtonView.swift; sourceTree = "<group>"; };
		2651FD691DB3B90C00C1301A /* MVButtonController.swift */ = {isa = PBXFileReference; fileEncoding = 4; lastKnownFileType = sourcecode.swift; path = MVButtonController.swift; sourceTree = "<group>"; };
		2651FD6B1DB3D8A600C1301A /* MVButton.swift */ = {isa = PBXFileReference; fileEncoding = 4; lastKnownFileType = sourcecode.swift; path = MVButton.swift; sourceTree = "<group>"; };
		2657FA651DD88DF80063CCB4 /* DrugDictionary.swift */ = {isa = PBXFileReference; fileEncoding = 4; lastKnownFileType = sourcecode.swift; name = DrugDictionary.swift; path = ../DrugDictionary.swift; sourceTree = "<group>"; };
		2657FA671DD8C83A0063CCB4 /* CloudDrug.swift */ = {isa = PBXFileReference; fileEncoding = 4; lastKnownFileType = sourcecode.swift; name = CloudDrug.swift; path = ../CloudDrug.swift; sourceTree = "<group>"; };
		2657FA691DD8D2280063CCB4 /* InAppStore.swift */ = {isa = PBXFileReference; fileEncoding = 4; lastKnownFileType = sourcecode.swift; path = InAppStore.swift; sourceTree = "<group>"; };
		265F9CA61DE309CA0031C762 /* DosesAndReminders.swift */ = {isa = PBXFileReference; fileEncoding = 4; lastKnownFileType = sourcecode.swift; path = DosesAndReminders.swift; sourceTree = "<group>"; };
		265F9CA81DE45E520031C762 /* SubstanceAndClassPopUp.swift */ = {isa = PBXFileReference; fileEncoding = 4; lastKnownFileType = sourcecode.swift; path = SubstanceAndClassPopUp.swift; sourceTree = "<group>"; };
		267F78CE1DC4FCF8008CC23E /* GraphViewHelper.swift */ = {isa = PBXFileReference; fileEncoding = 4; lastKnownFileType = sourcecode.swift; path = GraphViewHelper.swift; sourceTree = "<group>"; };
		267F78D01DC5264F008CC23E /* ClipView.swift */ = {isa = PBXFileReference; fileEncoding = 4; lastKnownFileType = sourcecode.swift; path = ClipView.swift; sourceTree = "<group>"; };
		269B9BFA1DDE52DE00C3BDA9 /* StoreView.swift */ = {isa = PBXFileReference; fileEncoding = 4; lastKnownFileType = sourcecode.swift; path = StoreView.swift; sourceTree = "<group>"; };
		269B9BFC1DDE5A5300C3BDA9 /* StoreViewCell.swift */ = {isa = PBXFileReference; fileEncoding = 4; lastKnownFileType = sourcecode.swift; path = StoreViewCell.swift; sourceTree = "<group>"; };
		26A013951DA2DCB20031DF79 /* CoreDataStack.swift */ = {isa = PBXFileReference; fileEncoding = 4; lastKnownFileType = sourcecode.swift; path = CoreDataStack.swift; sourceTree = "<group>"; };
		26CD8DFE1DBBED000040E4D4 /* FloatingMenuView.swift */ = {isa = PBXFileReference; fileEncoding = 4; lastKnownFileType = sourcecode.swift; path = FloatingMenuView.swift; sourceTree = "<group>"; };
		26E3B8C71DA177D000D157BB /* Alogea.app */ = {isa = PBXFileReference; explicitFileType = wrapper.application; includeInIndex = 0; path = Alogea.app; sourceTree = BUILT_PRODUCTS_DIR; };
		26E3B8CA1DA177D000D157BB /* AppDelegate.swift */ = {isa = PBXFileReference; lastKnownFileType = sourcecode.swift; path = AppDelegate.swift; sourceTree = "<group>"; };
		26E3B8CC1DA177D000D157BB /* MainViewController.swift */ = {isa = PBXFileReference; lastKnownFileType = sourcecode.swift; path = MainViewController.swift; sourceTree = "<group>"; };
		26E3B8CF1DA177D000D157BB /* Base */ = {isa = PBXFileReference; lastKnownFileType = file.storyboard; name = Base; path = Base.lproj/Main.storyboard; sourceTree = "<group>"; };
		26E3B8D21DA177D000D157BB /* Alogea.xcdatamodel */ = {isa = PBXFileReference; lastKnownFileType = wrapper.xcdatamodel; path = Alogea.xcdatamodel; sourceTree = "<group>"; };
		26E3B8D41DA177D000D157BB /* Assets.xcassets */ = {isa = PBXFileReference; lastKnownFileType = folder.assetcatalog; path = Assets.xcassets; sourceTree = "<group>"; };
		26E3B8D71DA177D000D157BB /* Base */ = {isa = PBXFileReference; lastKnownFileType = file.storyboard; name = Base; path = Base.lproj/LaunchScreen.storyboard; sourceTree = "<group>"; };
		26E3B8D91DA177D000D157BB /* Info.plist */ = {isa = PBXFileReference; lastKnownFileType = text.plist.xml; path = Info.plist; sourceTree = "<group>"; };
		26E3B8DE1DA177D000D157BB /* AlogeaTests.xctest */ = {isa = PBXFileReference; explicitFileType = wrapper.cfbundle; includeInIndex = 0; path = AlogeaTests.xctest; sourceTree = BUILT_PRODUCTS_DIR; };
		26E3B8E21DA177D000D157BB /* AlogeaTests.swift */ = {isa = PBXFileReference; lastKnownFileType = sourcecode.swift; path = AlogeaTests.swift; sourceTree = "<group>"; };
		26E3B8E41DA177D000D157BB /* Info.plist */ = {isa = PBXFileReference; lastKnownFileType = text.plist.xml; path = Info.plist; sourceTree = "<group>"; };
		26E3B8E91DA177D000D157BB /* AlogeaUITests.xctest */ = {isa = PBXFileReference; explicitFileType = wrapper.cfbundle; includeInIndex = 0; path = AlogeaUITests.xctest; sourceTree = BUILT_PRODUCTS_DIR; };
		26E3B8ED1DA177D000D157BB /* AlogeaUITests.swift */ = {isa = PBXFileReference; lastKnownFileType = sourcecode.swift; path = AlogeaUITests.swift; sourceTree = "<group>"; };
		26E3B8EF1DA177D000D157BB /* Info.plist */ = {isa = PBXFileReference; lastKnownFileType = text.plist.xml; path = Info.plist; sourceTree = "<group>"; };
		26E3B8FB1DA177DA00D157BB /* Alogea.entitlements */ = {isa = PBXFileReference; lastKnownFileType = text.plist.entitlements; path = Alogea.entitlements; sourceTree = "<group>"; };
		26E3B8FD1DA177DF00D157BB /* CloudKit.framework */ = {isa = PBXFileReference; lastKnownFileType = wrapper.framework; name = CloudKit.framework; path = System/Library/Frameworks/CloudKit.framework; sourceTree = SDKROOT; };
		26E3B8FF1DA177E800D157BB /* StoreKit.framework */ = {isa = PBXFileReference; lastKnownFileType = wrapper.framework; name = StoreKit.framework; path = System/Library/Frameworks/StoreKit.framework; sourceTree = SDKROOT; };
		26E3B9021DA1816E00D157BB /* Event+CoreDataClass.swift */ = {isa = PBXFileReference; fileEncoding = 4; lastKnownFileType = sourcecode.swift; name = "Event+CoreDataClass.swift"; path = "Data Models/Event+CoreDataClass.swift"; sourceTree = "<group>"; };
		26E3B9031DA1816E00D157BB /* Event+CoreDataProperties.swift */ = {isa = PBXFileReference; fileEncoding = 4; lastKnownFileType = sourcecode.swift; name = "Event+CoreDataProperties.swift"; path = "Data Models/Event+CoreDataProperties.swift"; sourceTree = "<group>"; };
		26E3B9041DA1816E00D157BB /* RecordType+CoreDataClass.swift */ = {isa = PBXFileReference; fileEncoding = 4; lastKnownFileType = sourcecode.swift; name = "RecordType+CoreDataClass.swift"; path = "Data Models/RecordType+CoreDataClass.swift"; sourceTree = "<group>"; };
		26E3B9051DA1816E00D157BB /* RecordType+CoreDataProperties.swift */ = {isa = PBXFileReference; fileEncoding = 4; lastKnownFileType = sourcecode.swift; name = "RecordType+CoreDataProperties.swift"; path = "Data Models/RecordType+CoreDataProperties.swift"; sourceTree = "<group>"; };
		26E3B9061DA1816E00D157BB /* Exercise+CoreDataClass.swift */ = {isa = PBXFileReference; fileEncoding = 4; lastKnownFileType = sourcecode.swift; name = "Exercise+CoreDataClass.swift"; path = "Data Models/Exercise+CoreDataClass.swift"; sourceTree = "<group>"; };
		26E3B9071DA1816E00D157BB /* Exercise+CoreDataProperties.swift */ = {isa = PBXFileReference; fileEncoding = 4; lastKnownFileType = sourcecode.swift; name = "Exercise+CoreDataProperties.swift"; path = "Data Models/Exercise+CoreDataProperties.swift"; sourceTree = "<group>"; };
		26E3B9081DA1816E00D157BB /* DrugEpisode+CoreDataClass.swift */ = {isa = PBXFileReference; fileEncoding = 4; lastKnownFileType = sourcecode.swift; name = "DrugEpisode+CoreDataClass.swift"; path = "Data Models/DrugEpisode+CoreDataClass.swift"; sourceTree = "<group>"; };
		26E3B9091DA1816E00D157BB /* DrugEpisode+CoreDataProperties.swift */ = {isa = PBXFileReference; fileEncoding = 4; lastKnownFileType = sourcecode.swift; name = "DrugEpisode+CoreDataProperties.swift"; path = "Data Models/DrugEpisode+CoreDataProperties.swift"; sourceTree = "<group>"; };
		26F647711DAE70EC0061E560 /* GraphContainerView.swift */ = {isa = PBXFileReference; fileEncoding = 4; lastKnownFileType = sourcecode.swift; path = GraphContainerView.swift; sourceTree = "<group>"; };
		26F91E121DC215ED00C4942A /* RecordTypesController.swift */ = {isa = PBXFileReference; fileEncoding = 4; lastKnownFileType = sourcecode.swift; path = RecordTypesController.swift; sourceTree = "<group>"; };
/* End PBXFileReference section */

/* Begin PBXFrameworksBuildPhase section */
		26E3B8C41DA177D000D157BB /* Frameworks */ = {
			isa = PBXFrameworksBuildPhase;
			buildActionMask = 2147483647;
			files = (
				26E3B8FE1DA177DF00D157BB /* CloudKit.framework in Frameworks */,
				26E3B9001DA177E800D157BB /* StoreKit.framework in Frameworks */,
			);
			runOnlyForDeploymentPostprocessing = 0;
		};
		26E3B8DB1DA177D000D157BB /* Frameworks */ = {
			isa = PBXFrameworksBuildPhase;
			buildActionMask = 2147483647;
			files = (
			);
			runOnlyForDeploymentPostprocessing = 0;
		};
		26E3B8E61DA177D000D157BB /* Frameworks */ = {
			isa = PBXFrameworksBuildPhase;
			buildActionMask = 2147483647;
			files = (
			);
			runOnlyForDeploymentPostprocessing = 0;
		};
/* End PBXFrameworksBuildPhase section */

/* Begin PBXGroup section */
		263DA00F1DD464E500CD7963 /* MainView Group */ = {
			isa = PBXGroup;
			children = (
				26E3B8CC1DA177D000D157BB /* MainViewController.swift */,
				267F78D21DC54214008CC23E /* GraphViews Group */,
				263DE6031DBCDCEE00A7BCF7 /* TouchWheel & Button Group */,
			);
			name = "MainView Group";
			sourceTree = "<group>";
		};
		263DA0141DD4D42600CD7963 /* DrugList Group */ = {
			isa = PBXGroup;
			children = (
				263DA0121DD4D41D00CD7963 /* DrugListViewController.swift */,
				2645230D1DDB596B00D62CC1 /* DrugRating.swift */,
				263DA0151DD764E500CD7963 /* NewDrug.swift */,
				265F9CA81DE45E520031C762 /* SubstanceAndClassPopUp.swift */,
				263DA0171DD7655C00CD7963 /* NewDrugHelper.swift */,
				265F9CA61DE309CA0031C762 /* DosesAndReminders.swift */,
				263DA0101DD4660300CD7963 /* DrugListCell.swift */,
				2657FA651DD88DF80063CCB4 /* DrugDictionary.swift */,
				2657FA671DD8C83A0063CCB4 /* CloudDrug.swift */,
			);
			name = "DrugList Group";
			sourceTree = "<group>";
		};
		263DE6031DBCDCEE00A7BCF7 /* TouchWheel & Button Group */ = {
			isa = PBXGroup;
			children = (
				2644B8AE1DAE39B500FF0484 /* TouchWheelView.swift */,
				2651FD691DB3B90C00C1301A /* MVButtonController.swift */,
				2651FD671DB3B07700C1301A /* MVButtonView.swift */,
				2651FD6B1DB3D8A600C1301A /* MVButton.swift */,
			);
			name = "TouchWheel & Button Group";
			sourceTree = "<group>";
		};
		267F78D21DC54214008CC23E /* GraphViews Group */ = {
			isa = PBXGroup;
			children = (
				26F647711DAE70EC0061E560 /* GraphContainerView.swift */,
				26CD8DFE1DBBED000040E4D4 /* FloatingMenuView.swift */,
				267F78D01DC5264F008CC23E /* ClipView.swift */,
				263DE6061DBD4A2800A7BCF7 /* GraphView.swift */,
				267F78CE1DC4FCF8008CC23E /* GraphViewHelper.swift */,
				2645C5DB1DCC9B9300916596 /* GraphViewTimeLine.swift */,
			);
			name = "GraphViews Group";
			sourceTree = "<group>";
		};
		26B5A14D1DAFE4760082DA40 /* Extensions */ = {
			isa = PBXGroup;
			children = (
				2644B8B31DAE479600FF0484 /* GetGradientColor Extension.swift */,
			);
			name = Extensions;
			sourceTree = "<group>";
		};
		26E3B8BE1DA177D000D157BB = {
			isa = PBXGroup;
			children = (
				26E3B8C91DA177D000D157BB /* Alogea */,
				26E3B8E11DA177D000D157BB /* AlogeaTests */,
				26E3B8EC1DA177D000D157BB /* AlogeaUITests */,
				26E3B8C81DA177D000D157BB /* Products */,
				26E3B8FC1DA177DF00D157BB /* Frameworks */,
			);
			sourceTree = "<group>";
		};
		26E3B8C81DA177D000D157BB /* Products */ = {
			isa = PBXGroup;
			children = (
				26E3B8C71DA177D000D157BB /* Alogea.app */,
				26E3B8DE1DA177D000D157BB /* AlogeaTests.xctest */,
				26E3B8E91DA177D000D157BB /* AlogeaUITests.xctest */,
			);
			name = Products;
			sourceTree = "<group>";
		};
		26E3B8C91DA177D000D157BB /* Alogea */ = {
			isa = PBXGroup;
			children = (
				26E3B8FB1DA177DA00D157BB /* Alogea.entitlements */,
				26E3B8CE1DA177D000D157BB /* Main.storyboard */,
				26E3B8CA1DA177D000D157BB /* AppDelegate.swift */,
				26A013951DA2DCB20031DF79 /* CoreDataStack.swift */,
				2644B8AC1DAE355300FF0484 /* ColorScheme.swift */,
				2645C5DD1DD30E4100916596 /* PrintPageRenderer.swift */,
				2657FA691DD8D2280063CCB4 /* InAppStore.swift */,
				269B9BFA1DDE52DE00C3BDA9 /* StoreView.swift */,
				269B9BFC1DDE5A5300C3BDA9 /* StoreViewCell.swift */,
				2645230B1DDB1F3800D62CC1 /* InAppProductIDs.plist */,
				263DA00F1DD464E500CD7963 /* MainView Group */,
				263DA0141DD4D42600CD7963 /* DrugList Group */,
				26E3B8D41DA177D000D157BB /* Assets.xcassets */,
				26E3B8D61DA177D000D157BB /* LaunchScreen.storyboard */,
				26E3B8D91DA177D000D157BB /* Info.plist */,
				26E3B8D11DA177D000D157BB /* Alogea.xcdatamodeld */,
				26B5A14D1DAFE4760082DA40 /* Extensions */,
				26E3B9121DA1819B00D157BB /* Data Models */,
			);
			path = Alogea;
			sourceTree = "<group>";
		};
		26E3B8E11DA177D000D157BB /* AlogeaTests */ = {
			isa = PBXGroup;
			children = (
				26E3B8E21DA177D000D157BB /* AlogeaTests.swift */,
				26E3B8E41DA177D000D157BB /* Info.plist */,
			);
			path = AlogeaTests;
			sourceTree = "<group>";
		};
		26E3B8EC1DA177D000D157BB /* AlogeaUITests */ = {
			isa = PBXGroup;
			children = (
				26E3B8ED1DA177D000D157BB /* AlogeaUITests.swift */,
				26E3B8EF1DA177D000D157BB /* Info.plist */,
			);
			path = AlogeaUITests;
			sourceTree = "<group>";
		};
		26E3B8FC1DA177DF00D157BB /* Frameworks */ = {
			isa = PBXGroup;
			children = (
				26E3B8FF1DA177E800D157BB /* StoreKit.framework */,
				26E3B8FD1DA177DF00D157BB /* CloudKit.framework */,
			);
			name = Frameworks;
			sourceTree = "<group>";
		};
		26E3B9121DA1819B00D157BB /* Data Models */ = {
			isa = PBXGroup;
			children = (
				263DE6041DBCDD5E00A7BCF7 /* EventsDataController.swift */,
				26E3B9021DA1816E00D157BB /* Event+CoreDataClass.swift */,
				26E3B9031DA1816E00D157BB /* Event+CoreDataProperties.swift */,
				26E3B9041DA1816E00D157BB /* RecordType+CoreDataClass.swift */,
				26E3B9051DA1816E00D157BB /* RecordType+CoreDataProperties.swift */,
				26F91E121DC215ED00C4942A /* RecordTypesController.swift */,
				26E3B9061DA1816E00D157BB /* Exercise+CoreDataClass.swift */,
				26E3B9071DA1816E00D157BB /* Exercise+CoreDataProperties.swift */,
				26E3B9081DA1816E00D157BB /* DrugEpisode+CoreDataClass.swift */,
				26E3B9091DA1816E00D157BB /* DrugEpisode+CoreDataProperties.swift */,
			);
			name = "Data Models";
			path = ..;
			sourceTree = "<group>";
		};
/* End PBXGroup section */

/* Begin PBXNativeTarget section */
		26E3B8C61DA177D000D157BB /* Alogea */ = {
			isa = PBXNativeTarget;
			buildConfigurationList = 26E3B8F21DA177D000D157BB /* Build configuration list for PBXNativeTarget "Alogea" */;
			buildPhases = (
				26E3B8C31DA177D000D157BB /* Sources */,
				26E3B8C41DA177D000D157BB /* Frameworks */,
				26E3B8C51DA177D000D157BB /* Resources */,
				26E3B9011DA1789F00D157BB /* ShellScript */,
			);
			buildRules = (
			);
			dependencies = (
			);
			name = Alogea;
			productName = Alogea;
			productReference = 26E3B8C71DA177D000D157BB /* Alogea.app */;
			productType = "com.apple.product-type.application";
		};
		26E3B8DD1DA177D000D157BB /* AlogeaTests */ = {
			isa = PBXNativeTarget;
			buildConfigurationList = 26E3B8F51DA177D000D157BB /* Build configuration list for PBXNativeTarget "AlogeaTests" */;
			buildPhases = (
				26E3B8DA1DA177D000D157BB /* Sources */,
				26E3B8DB1DA177D000D157BB /* Frameworks */,
				26E3B8DC1DA177D000D157BB /* Resources */,
			);
			buildRules = (
			);
			dependencies = (
				26E3B8E01DA177D000D157BB /* PBXTargetDependency */,
			);
			name = AlogeaTests;
			productName = AlogeaTests;
			productReference = 26E3B8DE1DA177D000D157BB /* AlogeaTests.xctest */;
			productType = "com.apple.product-type.bundle.unit-test";
		};
		26E3B8E81DA177D000D157BB /* AlogeaUITests */ = {
			isa = PBXNativeTarget;
			buildConfigurationList = 26E3B8F81DA177D000D157BB /* Build configuration list for PBXNativeTarget "AlogeaUITests" */;
			buildPhases = (
				26E3B8E51DA177D000D157BB /* Sources */,
				26E3B8E61DA177D000D157BB /* Frameworks */,
				26E3B8E71DA177D000D157BB /* Resources */,
			);
			buildRules = (
			);
			dependencies = (
				26E3B8EB1DA177D000D157BB /* PBXTargetDependency */,
			);
			name = AlogeaUITests;
			productName = AlogeaUITests;
			productReference = 26E3B8E91DA177D000D157BB /* AlogeaUITests.xctest */;
			productType = "com.apple.product-type.bundle.ui-testing";
		};
/* End PBXNativeTarget section */

/* Begin PBXProject section */
		26E3B8BF1DA177D000D157BB /* Project object */ = {
			isa = PBXProject;
			attributes = {
				LastSwiftUpdateCheck = 0800;
				LastUpgradeCheck = 0810;
				ORGANIZATIONNAME = AppToolFactory;
				TargetAttributes = {
					26E3B8C61DA177D000D157BB = {
						CreatedOnToolsVersion = 8.0;
						DevelopmentTeam = 9T25ACNCQ7;
						ProvisioningStyle = Automatic;
						SystemCapabilities = {
							com.apple.BackgroundModes = {
								enabled = 1;
							};
							com.apple.DataProtection = {
								enabled = 1;
							};
							com.apple.InAppPurchase = {
								enabled = 1;
							};
							com.apple.Push = {
								enabled = 1;
							};
							com.apple.iCloud = {
								enabled = 1;
							};
						};
					};
					26E3B8DD1DA177D000D157BB = {
						CreatedOnToolsVersion = 8.0;
						DevelopmentTeam = 9T25ACNCQ7;
						ProvisioningStyle = Automatic;
						TestTargetID = 26E3B8C61DA177D000D157BB;
					};
					26E3B8E81DA177D000D157BB = {
						CreatedOnToolsVersion = 8.0;
						DevelopmentTeam = 9T25ACNCQ7;
						ProvisioningStyle = Automatic;
						TestTargetID = 26E3B8C61DA177D000D157BB;
					};
				};
			};
			buildConfigurationList = 26E3B8C21DA177D000D157BB /* Build configuration list for PBXProject "Alogea" */;
			compatibilityVersion = "Xcode 3.2";
			developmentRegion = English;
			hasScannedForEncodings = 0;
			knownRegions = (
				en,
				Base,
			);
			mainGroup = 26E3B8BE1DA177D000D157BB;
			productRefGroup = 26E3B8C81DA177D000D157BB /* Products */;
			projectDirPath = "";
			projectRoot = "";
			targets = (
				26E3B8C61DA177D000D157BB /* Alogea */,
				26E3B8DD1DA177D000D157BB /* AlogeaTests */,
				26E3B8E81DA177D000D157BB /* AlogeaUITests */,
			);
		};
/* End PBXProject section */

/* Begin PBXResourcesBuildPhase section */
		26E3B8C51DA177D000D157BB /* Resources */ = {
			isa = PBXResourcesBuildPhase;
			buildActionMask = 2147483647;
			files = (
				2645230C1DDB1F3800D62CC1 /* InAppProductIDs.plist in Resources */,
				26E3B8D81DA177D000D157BB /* LaunchScreen.storyboard in Resources */,
				26E3B8D51DA177D000D157BB /* Assets.xcassets in Resources */,
				26E3B8D01DA177D000D157BB /* Main.storyboard in Resources */,
			);
			runOnlyForDeploymentPostprocessing = 0;
		};
		26E3B8DC1DA177D000D157BB /* Resources */ = {
			isa = PBXResourcesBuildPhase;
			buildActionMask = 2147483647;
			files = (
			);
			runOnlyForDeploymentPostprocessing = 0;
		};
		26E3B8E71DA177D000D157BB /* Resources */ = {
			isa = PBXResourcesBuildPhase;
			buildActionMask = 2147483647;
			files = (
			);
			runOnlyForDeploymentPostprocessing = 0;
		};
/* End PBXResourcesBuildPhase section */

/* Begin PBXShellScriptBuildPhase section */
		26E3B9011DA1789F00D157BB /* ShellScript */ = {
			isa = PBXShellScriptBuildPhase;
			buildActionMask = 2147483647;
			files = (
			);
			inputPaths = (
			);
			outputPaths = (
			);
			runOnlyForDeploymentPostprocessing = 0;
			shellPath = /bin/sh;
			shellScript = "buildNumber=$(/usr/libexec/PlistBuddy -c \"Print CFBundleVersion\" \"${PROJECT_DIR}/${INFOPLIST_FILE}\")\nbuildNumber=$(($buildNumber + 1))\n/usr/libexec/PlistBuddy -c \"Set :CFBundleVersion $buildNumber\" \"${PROJECT_DIR}/${INFOPLIST_FILE}\"";
		};
/* End PBXShellScriptBuildPhase section */

/* Begin PBXSourcesBuildPhase section */
		26E3B8C31DA177D000D157BB /* Sources */ = {
			isa = PBXSourcesBuildPhase;
			buildActionMask = 2147483647;
			files = (
				26E3B90B1DA1816E00D157BB /* Event+CoreDataProperties.swift in Sources */,
				267F78D11DC5264F008CC23E /* ClipView.swift in Sources */,
				26CD8DFF1DBBED000040E4D4 /* FloatingMenuView.swift in Sources */,
				269B9BFD1DDE5A5300C3BDA9 /* StoreViewCell.swift in Sources */,
				263DA0111DD4660300CD7963 /* DrugListCell.swift in Sources */,
				26E3B8D31DA177D000D157BB /* Alogea.xcdatamodeld in Sources */,
				2657FA681DD8C83A0063CCB4 /* CloudDrug.swift in Sources */,
				263DE6071DBD4A2800A7BCF7 /* GraphView.swift in Sources */,
				26E3B9111DA1816E00D157BB /* DrugEpisode+CoreDataProperties.swift in Sources */,
				267F78CF1DC4FCF8008CC23E /* GraphViewHelper.swift in Sources */,
				26F647721DAE70EC0061E560 /* GraphContainerView.swift in Sources */,
				269B9BFB1DDE52DE00C3BDA9 /* StoreView.swift in Sources */,
				26A013961DA2DCB20031DF79 /* CoreDataStack.swift in Sources */,
				26E3B8CD1DA177D000D157BB /* MainViewController.swift in Sources */,
				2645230E1DDB596B00D62CC1 /* DrugRating.swift in Sources */,
				2645C5DC1DCC9B9300916596 /* GraphViewTimeLine.swift in Sources */,
				26E3B90E1DA1816E00D157BB /* Exercise+CoreDataClass.swift in Sources */,
				26E3B90A1DA1816E00D157BB /* Event+CoreDataClass.swift in Sources */,
				26E3B9101DA1816E00D157BB /* DrugEpisode+CoreDataClass.swift in Sources */,
				2645C5DE1DD30E4100916596 /* PrintPageRenderer.swift in Sources */,
				265F9CA91DE45E520031C762 /* SubstanceAndClassPopUp.swift in Sources */,
				265F9CA71DE309CA0031C762 /* DosesAndReminders.swift in Sources */,
				26E3B90C1DA1816E00D157BB /* RecordType+CoreDataClass.swift in Sources */,
				2657FA6A1DD8D2280063CCB4 /* InAppStore.swift in Sources */,
				263DE6051DBCDD5E00A7BCF7 /* EventsDataController.swift in Sources */,
				2644B8B41DAE479600FF0484 /* GetGradientColor Extension.swift in Sources */,
				2651FD6C1DB3D8A600C1301A /* MVButton.swift in Sources */,
				263DA0161DD764E500CD7963 /* NewDrug.swift in Sources */,
				2657FA661DD88DF80063CCB4 /* DrugDictionary.swift in Sources */,
				2644B8AF1DAE39B500FF0484 /* TouchWheelView.swift in Sources */,
				26F91E131DC215ED00C4942A /* RecordTypesController.swift in Sources */,
				263DA0131DD4D41D00CD7963 /* DrugListViewController.swift in Sources */,
				263DA0181DD7655C00CD7963 /* NewDrugHelper.swift in Sources */,
				2644B8AD1DAE355300FF0484 /* ColorScheme.swift in Sources */,
				26E3B90D1DA1816E00D157BB /* RecordType+CoreDataProperties.swift in Sources */,
				2651FD6A1DB3B90C00C1301A /* MVButtonController.swift in Sources */,
				26E3B8CB1DA177D000D157BB /* AppDelegate.swift in Sources */,
				26E3B90F1DA1816E00D157BB /* Exercise+CoreDataProperties.swift in Sources */,
				2651FD681DB3B07700C1301A /* MVButtonView.swift in Sources */,
			);
			runOnlyForDeploymentPostprocessing = 0;
		};
		26E3B8DA1DA177D000D157BB /* Sources */ = {
			isa = PBXSourcesBuildPhase;
			buildActionMask = 2147483647;
			files = (
				26E3B8E31DA177D000D157BB /* AlogeaTests.swift in Sources */,
			);
			runOnlyForDeploymentPostprocessing = 0;
		};
		26E3B8E51DA177D000D157BB /* Sources */ = {
			isa = PBXSourcesBuildPhase;
			buildActionMask = 2147483647;
			files = (
				26E3B8EE1DA177D000D157BB /* AlogeaUITests.swift in Sources */,
			);
			runOnlyForDeploymentPostprocessing = 0;
		};
/* End PBXSourcesBuildPhase section */

/* Begin PBXTargetDependency section */
		26E3B8E01DA177D000D157BB /* PBXTargetDependency */ = {
			isa = PBXTargetDependency;
			target = 26E3B8C61DA177D000D157BB /* Alogea */;
			targetProxy = 26E3B8DF1DA177D000D157BB /* PBXContainerItemProxy */;
		};
		26E3B8EB1DA177D000D157BB /* PBXTargetDependency */ = {
			isa = PBXTargetDependency;
			target = 26E3B8C61DA177D000D157BB /* Alogea */;
			targetProxy = 26E3B8EA1DA177D000D157BB /* PBXContainerItemProxy */;
		};
/* End PBXTargetDependency section */

/* Begin PBXVariantGroup section */
		26E3B8CE1DA177D000D157BB /* Main.storyboard */ = {
			isa = PBXVariantGroup;
			children = (
				26E3B8CF1DA177D000D157BB /* Base */,
			);
			name = Main.storyboard;
			sourceTree = "<group>";
		};
		26E3B8D61DA177D000D157BB /* LaunchScreen.storyboard */ = {
			isa = PBXVariantGroup;
			children = (
				26E3B8D71DA177D000D157BB /* Base */,
			);
			name = LaunchScreen.storyboard;
			sourceTree = "<group>";
		};
/* End PBXVariantGroup section */

/* Begin XCBuildConfiguration section */
		26E3B8F01DA177D000D157BB /* Debug */ = {
			isa = XCBuildConfiguration;
			buildSettings = {
				ALWAYS_SEARCH_USER_PATHS = NO;
				CLANG_ANALYZER_NONNULL = YES;
				CLANG_CXX_LANGUAGE_STANDARD = "gnu++0x";
				CLANG_CXX_LIBRARY = "libc++";
				CLANG_ENABLE_MODULES = YES;
				CLANG_ENABLE_OBJC_ARC = YES;
				CLANG_WARN_BOOL_CONVERSION = YES;
				CLANG_WARN_CONSTANT_CONVERSION = YES;
				CLANG_WARN_DIRECT_OBJC_ISA_USAGE = YES_ERROR;
				CLANG_WARN_DOCUMENTATION_COMMENTS = YES;
				CLANG_WARN_EMPTY_BODY = YES;
				CLANG_WARN_ENUM_CONVERSION = YES;
				CLANG_WARN_INFINITE_RECURSION = YES;
				CLANG_WARN_INT_CONVERSION = YES;
				CLANG_WARN_OBJC_ROOT_CLASS = YES_ERROR;
				CLANG_WARN_SUSPICIOUS_MOVE = YES;
				CLANG_WARN_SUSPICIOUS_MOVES = YES;
				CLANG_WARN_UNREACHABLE_CODE = YES;
				CLANG_WARN__DUPLICATE_METHOD_MATCH = YES;
				"CODE_SIGN_IDENTITY[sdk=iphoneos*]" = "iPhone Developer";
				COPY_PHASE_STRIP = NO;
				DEBUG_INFORMATION_FORMAT = dwarf;
				ENABLE_STRICT_OBJC_MSGSEND = YES;
				ENABLE_TESTABILITY = YES;
				GCC_C_LANGUAGE_STANDARD = gnu99;
				GCC_DYNAMIC_NO_PIC = NO;
				GCC_NO_COMMON_BLOCKS = YES;
				GCC_OPTIMIZATION_LEVEL = 0;
				GCC_PREPROCESSOR_DEFINITIONS = (
					"DEBUG=1",
					"$(inherited)",
				);
				GCC_WARN_64_TO_32_BIT_CONVERSION = YES;
				GCC_WARN_ABOUT_RETURN_TYPE = YES_ERROR;
				GCC_WARN_UNDECLARED_SELECTOR = YES;
				GCC_WARN_UNINITIALIZED_AUTOS = YES_AGGRESSIVE;
				GCC_WARN_UNUSED_FUNCTION = YES;
				GCC_WARN_UNUSED_VARIABLE = YES;
				IPHONEOS_DEPLOYMENT_TARGET = 10.0;
				MTL_ENABLE_DEBUG_INFO = YES;
				ONLY_ACTIVE_ARCH = YES;
				SDKROOT = iphoneos;
				SWIFT_ACTIVE_COMPILATION_CONDITIONS = DEBUG;
				SWIFT_OPTIMIZATION_LEVEL = "-Onone";
				TARGETED_DEVICE_FAMILY = "1,2";
			};
			name = Debug;
		};
		26E3B8F11DA177D000D157BB /* Release */ = {
			isa = XCBuildConfiguration;
			buildSettings = {
				ALWAYS_SEARCH_USER_PATHS = NO;
				CLANG_ANALYZER_NONNULL = YES;
				CLANG_CXX_LANGUAGE_STANDARD = "gnu++0x";
				CLANG_CXX_LIBRARY = "libc++";
				CLANG_ENABLE_MODULES = YES;
				CLANG_ENABLE_OBJC_ARC = YES;
				CLANG_WARN_BOOL_CONVERSION = YES;
				CLANG_WARN_CONSTANT_CONVERSION = YES;
				CLANG_WARN_DIRECT_OBJC_ISA_USAGE = YES_ERROR;
				CLANG_WARN_DOCUMENTATION_COMMENTS = YES;
				CLANG_WARN_EMPTY_BODY = YES;
				CLANG_WARN_ENUM_CONVERSION = YES;
				CLANG_WARN_INFINITE_RECURSION = YES;
				CLANG_WARN_INT_CONVERSION = YES;
				CLANG_WARN_OBJC_ROOT_CLASS = YES_ERROR;
				CLANG_WARN_SUSPICIOUS_MOVE = YES;
				CLANG_WARN_SUSPICIOUS_MOVES = YES;
				CLANG_WARN_UNREACHABLE_CODE = YES;
				CLANG_WARN__DUPLICATE_METHOD_MATCH = YES;
				"CODE_SIGN_IDENTITY[sdk=iphoneos*]" = "iPhone Developer";
				COPY_PHASE_STRIP = NO;
				DEBUG_INFORMATION_FORMAT = "dwarf-with-dsym";
				ENABLE_NS_ASSERTIONS = NO;
				ENABLE_STRICT_OBJC_MSGSEND = YES;
				GCC_C_LANGUAGE_STANDARD = gnu99;
				GCC_NO_COMMON_BLOCKS = YES;
				GCC_WARN_64_TO_32_BIT_CONVERSION = YES;
				GCC_WARN_ABOUT_RETURN_TYPE = YES_ERROR;
				GCC_WARN_UNDECLARED_SELECTOR = YES;
				GCC_WARN_UNINITIALIZED_AUTOS = YES_AGGRESSIVE;
				GCC_WARN_UNUSED_FUNCTION = YES;
				GCC_WARN_UNUSED_VARIABLE = YES;
				IPHONEOS_DEPLOYMENT_TARGET = 10.0;
				MTL_ENABLE_DEBUG_INFO = NO;
				SDKROOT = iphoneos;
				SWIFT_OPTIMIZATION_LEVEL = "-Owholemodule";
				TARGETED_DEVICE_FAMILY = "1,2";
				VALIDATE_PRODUCT = YES;
			};
			name = Release;
		};
		26E3B8F31DA177D000D157BB /* Debug */ = {
			isa = XCBuildConfiguration;
			buildSettings = {
				ASSETCATALOG_COMPILER_APPICON_NAME = AppIcon;
				CODE_SIGN_ENTITLEMENTS = Alogea/Alogea.entitlements;
				DEVELOPMENT_TEAM = 9T25ACNCQ7;
				INFOPLIST_FILE = Alogea/Info.plist;
				LD_RUNPATH_SEARCH_PATHS = "$(inherited) @executable_path/Frameworks";
				PRODUCT_BUNDLE_IDENTIFIER = co.uk.AppToolFactory.Alogea;
				PRODUCT_NAME = "$(TARGET_NAME)";
				SWIFT_VERSION = 3.0;
			};
			name = Debug;
		};
		26E3B8F41DA177D000D157BB /* Release */ = {
			isa = XCBuildConfiguration;
			buildSettings = {
				ASSETCATALOG_COMPILER_APPICON_NAME = AppIcon;
				CODE_SIGN_ENTITLEMENTS = Alogea/Alogea.entitlements;
				DEVELOPMENT_TEAM = 9T25ACNCQ7;
				INFOPLIST_FILE = Alogea/Info.plist;
				LD_RUNPATH_SEARCH_PATHS = "$(inherited) @executable_path/Frameworks";
				PRODUCT_BUNDLE_IDENTIFIER = co.uk.AppToolFactory.Alogea;
				PRODUCT_NAME = "$(TARGET_NAME)";
				SWIFT_VERSION = 3.0;
			};
			name = Release;
		};
		26E3B8F61DA177D000D157BB /* Debug */ = {
			isa = XCBuildConfiguration;
			buildSettings = {
				ALWAYS_EMBED_SWIFT_STANDARD_LIBRARIES = YES;
				BUNDLE_LOADER = "$(TEST_HOST)";
				DEVELOPMENT_TEAM = 9T25ACNCQ7;
				INFOPLIST_FILE = AlogeaTests/Info.plist;
				LD_RUNPATH_SEARCH_PATHS = "$(inherited) @executable_path/Frameworks @loader_path/Frameworks";
				PRODUCT_BUNDLE_IDENTIFIER = co.uk.AppToolFactory.AlogeaTests;
				PRODUCT_NAME = "$(TARGET_NAME)";
				SWIFT_VERSION = 3.0;
				TEST_HOST = "$(BUILT_PRODUCTS_DIR)/Alogea.app/Alogea";
			};
			name = Debug;
		};
		26E3B8F71DA177D000D157BB /* Release */ = {
			isa = XCBuildConfiguration;
			buildSettings = {
				ALWAYS_EMBED_SWIFT_STANDARD_LIBRARIES = YES;
				BUNDLE_LOADER = "$(TEST_HOST)";
				DEVELOPMENT_TEAM = 9T25ACNCQ7;
				INFOPLIST_FILE = AlogeaTests/Info.plist;
				LD_RUNPATH_SEARCH_PATHS = "$(inherited) @executable_path/Frameworks @loader_path/Frameworks";
				PRODUCT_BUNDLE_IDENTIFIER = co.uk.AppToolFactory.AlogeaTests;
				PRODUCT_NAME = "$(TARGET_NAME)";
				SWIFT_VERSION = 3.0;
				TEST_HOST = "$(BUILT_PRODUCTS_DIR)/Alogea.app/Alogea";
			};
			name = Release;
		};
		26E3B8F91DA177D000D157BB /* Debug */ = {
			isa = XCBuildConfiguration;
			buildSettings = {
				ALWAYS_EMBED_SWIFT_STANDARD_LIBRARIES = YES;
				DEVELOPMENT_TEAM = 9T25ACNCQ7;
				INFOPLIST_FILE = AlogeaUITests/Info.plist;
				LD_RUNPATH_SEARCH_PATHS = "$(inherited) @executable_path/Frameworks @loader_path/Frameworks";
				PRODUCT_BUNDLE_IDENTIFIER = co.uk.AppToolFactory.AlogeaUITests;
				PRODUCT_NAME = "$(TARGET_NAME)";
				SWIFT_VERSION = 3.0;
				TEST_TARGET_NAME = Alogea;
			};
			name = Debug;
		};
		26E3B8FA1DA177D000D157BB /* Release */ = {
			isa = XCBuildConfiguration;
			buildSettings = {
				ALWAYS_EMBED_SWIFT_STANDARD_LIBRARIES = YES;
				DEVELOPMENT_TEAM = 9T25ACNCQ7;
				INFOPLIST_FILE = AlogeaUITests/Info.plist;
				LD_RUNPATH_SEARCH_PATHS = "$(inherited) @executable_path/Frameworks @loader_path/Frameworks";
				PRODUCT_BUNDLE_IDENTIFIER = co.uk.AppToolFactory.AlogeaUITests;
				PRODUCT_NAME = "$(TARGET_NAME)";
				SWIFT_VERSION = 3.0;
				TEST_TARGET_NAME = Alogea;
			};
			name = Release;
		};
/* End XCBuildConfiguration section */

/* Begin XCConfigurationList section */
		26E3B8C21DA177D000D157BB /* Build configuration list for PBXProject "Alogea" */ = {
			isa = XCConfigurationList;
			buildConfigurations = (
				26E3B8F01DA177D000D157BB /* Debug */,
				26E3B8F11DA177D000D157BB /* Release */,
			);
			defaultConfigurationIsVisible = 0;
			defaultConfigurationName = Release;
		};
		26E3B8F21DA177D000D157BB /* Build configuration list for PBXNativeTarget "Alogea" */ = {
			isa = XCConfigurationList;
			buildConfigurations = (
				26E3B8F31DA177D000D157BB /* Debug */,
				26E3B8F41DA177D000D157BB /* Release */,
			);
			defaultConfigurationIsVisible = 0;
			defaultConfigurationName = Release;
		};
		26E3B8F51DA177D000D157BB /* Build configuration list for PBXNativeTarget "AlogeaTests" */ = {
			isa = XCConfigurationList;
			buildConfigurations = (
				26E3B8F61DA177D000D157BB /* Debug */,
				26E3B8F71DA177D000D157BB /* Release */,
			);
			defaultConfigurationIsVisible = 0;
			defaultConfigurationName = Release;
		};
		26E3B8F81DA177D000D157BB /* Build configuration list for PBXNativeTarget "AlogeaUITests" */ = {
			isa = XCConfigurationList;
			buildConfigurations = (
				26E3B8F91DA177D000D157BB /* Debug */,
				26E3B8FA1DA177D000D157BB /* Release */,
			);
			defaultConfigurationIsVisible = 0;
			defaultConfigurationName = Release;
		};
/* End XCConfigurationList section */

/* Begin XCVersionGroup section */
		26E3B8D11DA177D000D157BB /* Alogea.xcdatamodeld */ = {
			isa = XCVersionGroup;
			children = (
				26E3B8D21DA177D000D157BB /* Alogea.xcdatamodel */,
			);
			currentVersion = 26E3B8D21DA177D000D157BB /* Alogea.xcdatamodel */;
			path = Alogea.xcdatamodeld;
			sourceTree = "<group>";
			versionGroupType = wrapper.xcdatamodel;
		};
/* End XCVersionGroup section */
	};
	rootObject = 26E3B8BF1DA177D000D157BB /* Project object */;
}
